{
    "version": 3,
    "terraform_version": "0.10.0",
    "serial": 15,
    "lineage": "bc6b7cff-07d2-48be-b41c-56e4b6176053",
    "modules": [
        {
            "path": [
                "root"
            ],
            "outputs": {},
            "resources": {
                "aws_eip.eip_zone1": {
                    "type": "aws_eip",
                    "depends_on": [],
                    "primary": {
                        "id": "eipalloc-df8ca7ec",
                        "attributes": {
                            "association_id": "",
                            "domain": "vpc",
                            "id": "eipalloc-df8ca7ec",
                            "instance": "",
                            "network_interface": "",
                            "private_ip": "",
                            "public_ip": "34.231.53.22",
                            "vpc": "true"
                        },
                        "meta": {},
                        "tainted": false
                    },
                    "deposed": [],
                    "provider": ""
                },
                "aws_eip.eip_zone2": {
                    "type": "aws_eip",
                    "depends_on": [],
                    "primary": {
                        "id": "eipalloc-078ca734",
                        "attributes": {
                            "association_id": "",
                            "domain": "vpc",
                            "id": "eipalloc-078ca734",
                            "instance": "",
                            "network_interface": "",
                            "private_ip": "",
                            "public_ip": "52.7.238.66",
                            "vpc": "true"
                        },
                        "meta": {},
                        "tainted": false
                    },
                    "deposed": [],
                    "provider": ""
                }
            },
            "depends_on": []
        }
    ]
}
